<?xml version="1.0" encoding="utf-8"?>
<Project ToolsVersion="4.0" xmlns="http://schemas.microsoft.com/developer/msbuild/2003">
  <ItemGroup>
    <Filter Include="Source Files">
      <UniqueIdentifier>{4FC737F1-C7A5-4376-A066-2A32D752A2FF}</UniqueIdentifier>
      <Extensions>cpp;c;cc;cxx;def;odl;idl;hpj;bat;asm;asmx</Extensions>
    </Filter>
    <Filter Include="Header Files">
      <UniqueIdentifier>{93995380-89BD-4b04-88EB-625FBE52EBFB}</UniqueIdentifier>
      <Extensions>h;hh;hpp;hxx;hm;inl;inc;xsd</Extensions>
    </Filter>
  </ItemGroup>
  <ItemGroup>
    <ClCompile Include="main.cpp">
      <Filter>Source Files</Filter>
    </ClCompile>
    <ClCompile Include="NGP.cpp">
      <Filter>Source Files</Filter>
    </ClCompile>
    <ClCompile Include="plylib.cpp">
      <Filter>Source Files</Filter>
    </ClCompile>
    <ClCompile Include="quadric_tex_simp.cpp">
      <Filter>Source Files</Filter>
    </ClCompile>
    <ClCompile Include="mesh_simplication.cpp">
      <Filter>Source Files</Filter>
    </ClCompile>
    <ClCompile Include="Compute_geodesic.cpp">
      <Filter>Source Files</Filter>
    </ClCompile>
    <ClCompile Include="Weight_computation.cpp">
      <Filter>Source Files</Filter>
    </ClCompile>
    <ClCompile Include="gauss_newton.cpp">
      <Filter>Source Files</Filter>
    </ClCompile>
    <ClCompile Include="optimization.cpp">
      <Filter>Source Files</Filter>
    </ClCompile>
    <ClCompile Include="rsff_gv_square.cpp">
      <Filter>Source Files</Filter>
    </ClCompile>
    <ClCompile Include="Jacobian.cpp">
      <Filter>Source Files</Filter>
    </ClCompile>
  </ItemGroup>
  <ItemGroup>
    <ClInclude Include="NGP.h">
      <Filter>Header Files</Filter>
    </ClInclude>
    <ClInclude Include="plylib.h">
      <Filter>Header Files</Filter>
    </ClInclude>
    <ClInclude Include="quadric_tex_simp.h">
      <Filter>Header Files</Filter>
    </ClInclude>
    <ClInclude Include="mesh.h">
      <Filter>Header Files</Filter>
    </ClInclude>
    <ClInclude Include="geodesic.h">
      <Filter>Header Files</Filter>
    </ClInclude>
  </ItemGroup>
</Project>